// !$*UTF8*$!
{
	archiveVersion = 1;
	classes = {
	};
	objectVersion = 77;
	objects = {

/* Begin PBXBuildFile section */
		663692922F082B830081AAF7 /* AIStylist.storekit in Resources */ = {isa = PBXBuildFile; fileRef = 663692912F082B830081AAF7 /* AIStylist.storekit */; };
		66CFD8312F110F0E00466BD0 /* RevenueCat in Frameworks */ = {isa = PBXBuildFile; productRef = 66CFD8302F110F0E00466BD0 /* RevenueCat */; };
		66CFD8332F110F1300466BD0 /* RevenueCatUI in Frameworks */ = {isa = PBXBuildFile; productRef = 66CFD8322F110F1300466BD0 /* RevenueCatUI */; };
		66E403DE2EF8A8D0004BA1E9 /* Alamofire in Frameworks */ = {isa = PBXBuildFile; productRef = 66E403DD2EF8A8D0004BA1E9 /* Alamofire */; };
		66E71BF92F01706F0005E942 /* Auth in Frameworks */ = {isa = PBXBuildFile; productRef = 66E71BF82F01706F0005E942 /* Auth */; };
		66E71BFB2F01706F0005E942 /* Functions in Frameworks */ = {isa = PBXBuildFile; productRef = 66E71BFA2F01706F0005E942 /* Functions */; };
		66E71BFD2F01706F0005E942 /* PostgREST in Frameworks */ = {isa = PBXBuildFile; productRef = 66E71BFC2F01706F0005E942 /* PostgREST */; };
		66E71BFF2F01706F0005E942 /* Realtime in Frameworks */ = {isa = PBXBuildFile; productRef = 66E71BFE2F01706F0005E942 /* Realtime */; };
		66E71C012F01706F0005E942 /* Storage in Frameworks */ = {isa = PBXBuildFile; productRef = 66E71C002F01706F0005E942 /* Storage */; };
		66E71C032F01706F0005E942 /* Supabase in Frameworks */ = {isa = PBXBuildFile; productRef = 66E71C022F01706F0005E942 /* Supabase */; };
/* End PBXBuildFile section */

/* Begin PBXContainerItemProxy section */
		660CCA202EBBC3B700E8650A /* PBXContainerItemProxy */ = {
			isa = PBXContainerItemProxy;
			containerPortal = 660CCA0A2EBBC3B500E8650A /* Project object */;
			proxyType = 1;
			remoteGlobalIDString = 660CCA112EBBC3B500E8650A;
			remoteInfo = AIStylist;
		};
		660CCA2A2EBBC3B700E8650A /* PBXContainerItemProxy */ = {
			isa = PBXContainerItemProxy;
			containerPortal = 660CCA0A2EBBC3B500E8650A /* Project object */;
			proxyType = 1;
			remoteGlobalIDString = 660CCA112EBBC3B500E8650A;
			remoteInfo = AIStylist;
		};
/* End PBXContainerItemProxy section */

/* Begin PBXFileReference section */
		660CCA122EBBC3B500E8650A /* AIStylist.app */ = {isa = PBXFileReference; explicitFileType = wrapper.application; includeInIndex = 0; path = AIStylist.app; sourceTree = BUILT_PRODUCTS_DIR; };
		660CCA1F2EBBC3B700E8650A /* AIStylistTests.xctest */ = {isa = PBXFileReference; explicitFileType = wrapper.cfbundle; includeInIndex = 0; path = AIStylistTests.xctest; sourceTree = BUILT_PRODUCTS_DIR; };
		660CCA292EBBC3B700E8650A /* AIStylistUITests.xctest */ = {isa = PBXFileReference; explicitFileType = wrapper.cfbundle; includeInIndex = 0; path = AIStylistUITests.xctest; sourceTree = BUILT_PRODUCTS_DIR; };
		663692912F082B830081AAF7 /* AIStylist.storekit */ = {isa = PBXFileReference; lastKnownFileType = text; path = AIStylist.storekit; sourceTree = "<group>"; };
/* End PBXFileReference section */

/* Begin PBXFileSystemSynchronizedBuildFileExceptionSet section */
		66E71C082F0179ED0005E942 /* Exceptions for "AIStylist" folder in "AIStylist" target */ = {
			isa = PBXFileSystemSynchronizedBuildFileExceptionSet;
			membershipExceptions = (
				Info.plist,
			);
			target = 660CCA112EBBC3B500E8650A /* AIStylist */;
		};
/* End PBXFileSystemSynchronizedBuildFileExceptionSet section */

/* Begin PBXFileSystemSynchronizedRootGroup section */
		660CCA142EBBC3B500E8650A /* AIStylist */ = {
			isa = PBXFileSystemSynchronizedRootGroup;
			exceptions = (
				66E71C082F0179ED0005E942 /* Exceptions for "AIStylist" folder in "AIStylist" target */,
			);
			path = AIStylist;
			sourceTree = "<group>";
		};
		660CCA222EBBC3B700E8650A /* AIStylistTests */ = {
			isa = PBXFileSystemSynchronizedRootGroup;
			path = AIStylistTests;
			sourceTree = "<group>";
		};
		660CCA2C2EBBC3B700E8650A /* AIStylistUITests */ = {
			isa = PBXFileSystemSynchronizedRootGroup;
			path = AIStylistUITests;
			sourceTree = "<group>";
		};
/* End PBXFileSystemSynchronizedRootGroup section */

/* Begin PBXFrameworksBuildPhase section */
		660CCA0F2EBBC3B500E8650A /* Frameworks */ = {
			isa = PBXFrameworksBuildPhase;
			buildActionMask = 2147483647;
			files = (
				66E71C032F01706F0005E942 /* Supabase in Frameworks */,
				66E71C012F01706F0005E942 /* Storage in Frameworks */,
				66E71BFD2F01706F0005E942 /* PostgREST in Frameworks */,
				66E71BFB2F01706F0005E942 /* Functions in Frameworks */,
				66CFD8312F110F0E00466BD0 /* RevenueCat in Frameworks */,
				66CFD8332F110F1300466BD0 /* RevenueCatUI in Frameworks */,
				66E71BF92F01706F0005E942 /* Auth in Frameworks */,
				66E71BFF2F01706F0005E942 /* Realtime in Frameworks */,
				66E403DE2EF8A8D0004BA1E9 /* Alamofire in Frameworks */,
			);
			runOnlyForDeploymentPostprocessing = 0;
		};
		660CCA1C2EBBC3B700E8650A /* Frameworks */ = {
			isa = PBXFrameworksBuildPhase;
			buildActionMask = 2147483647;
			files = (
			);
			runOnlyForDeploymentPostprocessing = 0;
		};
		660CCA262EBBC3B700E8650A /* Frameworks */ = {
			isa = PBXFrameworksBuildPhase;
			buildActionMask = 2147483647;
			files = (
			);
			runOnlyForDeploymentPostprocessing = 0;
		};
/* End PBXFrameworksBuildPhase section */

/* Begin PBXGroup section */
		660CCA092EBBC3B500E8650A = {
			isa = PBXGroup;
			children = (
				663692912F082B830081AAF7 /* AIStylist.storekit */,
				660CCA142EBBC3B500E8650A /* AIStylist */,
				660CCA222EBBC3B700E8650A /* AIStylistTests */,
				660CCA2C2EBBC3B700E8650A /* AIStylistUITests */,
				66E403DC2EF8A8D0004BA1E9 /* Frameworks */,
				660CCA132EBBC3B500E8650A /* Products */,
			);
			sourceTree = "<group>";
		};
		660CCA132EBBC3B500E8650A /* Products */ = {
			isa = PBXGroup;
			children = (
				660CCA122EBBC3B500E8650A /* AIStylist.app */,
				660CCA1F2EBBC3B700E8650A /* AIStylistTests.xctest */,
				660CCA292EBBC3B700E8650A /* AIStylistUITests.xctest */,
			);
			name = Products;
			sourceTree = "<group>";
		};
		66E403DC2EF8A8D0004BA1E9 /* Frameworks */ = {
			isa = PBXGroup;
			children = (
			);
			name = Frameworks;
			sourceTree = "<group>";
		};
/* End PBXGroup section */

/* Begin PBXNativeTarget section */
		660CCA112EBBC3B500E8650A /* AIStylist */ = {
			isa = PBXNativeTarget;
			buildConfigurationList = 660CCA332EBBC3B700E8650A /* Build configuration list for PBXNativeTarget "AIStylist" */;
			buildPhases = (
				660CCA0E2EBBC3B500E8650A /* Sources */,
				660CCA0F2EBBC3B500E8650A /* Frameworks */,
				660CCA102EBBC3B500E8650A /* Resources */,
			);
			buildRules = (
			);
			dependencies = (
			);
			fileSystemSynchronizedGroups = (
				660CCA142EBBC3B500E8650A /* AIStylist */,
			);
			name = AIStylist;
			packageProductDependencies = (
				66E403DD2EF8A8D0004BA1E9 /* Alamofire */,
				66E71BF82F01706F0005E942 /* Auth */,
				66E71BFA2F01706F0005E942 /* Functions */,
				66E71BFC2F01706F0005E942 /* PostgREST */,
				66E71BFE2F01706F0005E942 /* Realtime */,
				66E71C002F01706F0005E942 /* Storage */,
				66E71C022F01706F0005E942 /* Supabase */,
				66CFD8302F110F0E00466BD0 /* RevenueCat */,
				66CFD8322F110F1300466BD0 /* RevenueCatUI */,
			);
			productName = AIStylist;
			productReference = 660CCA122EBBC3B500E8650A /* AIStylist.app */;
			productType = "com.apple.product-type.application";
		};
		660CCA1E2EBBC3B700E8650A /* AIStylistTests */ = {
			isa = PBXNativeTarget;
			buildConfigurationList = 660CCA362EBBC3B700E8650A /* Build configuration list for PBXNativeTarget "AIStylistTests" */;
			buildPhases = (
				660CCA1B2EBBC3B700E8650A /* Sources */,
				660CCA1C2EBBC3B700E8650A /* Frameworks */,
				660CCA1D2EBBC3B700E8650A /* Resources */,
			);
			buildRules = (
			);
			dependencies = (
				660CCA212EBBC3B700E8650A /* PBXTargetDependency */,
			);
			fileSystemSynchronizedGroups = (
				660CCA222EBBC3B700E8650A /* AIStylistTests */,
			);
			name = AIStylistTests;
			packageProductDependencies = (
			);
			productName = AIStylistTests;
			productReference = 660CCA1F2EBBC3B700E8650A /* AIStylistTests.xctest */;
			productType = "com.apple.product-type.bundle.unit-test";
		};
		660CCA282EBBC3B700E8650A /* AIStylistUITests */ = {
			isa = PBXNativeTarget;
			buildConfigurationList = 660CCA392EBBC3B700E8650A /* Build configuration list for PBXNativeTarget "AIStylistUITests" */;
			buildPhases = (
				660CCA252EBBC3B700E8650A /* Sources */,
				660CCA262EBBC3B700E8650A /* Frameworks */,
				660CCA272EBBC3B700E8650A /* Resources */,
			);
			buildRules = (
			);
			dependencies = (
				660CCA2B2EBBC3B700E8650A /* PBXTargetDependency */,
			);
			fileSystemSynchronizedGroups = (
				660CCA2C2EBBC3B700E8650A /* AIStylistUITests */,
			);
			name = AIStylistUITests;
			packageProductDependencies = (
			);
			productName = AIStylistUITests;
			productReference = 660CCA292EBBC3B700E8650A /* AIStylistUITests.xctest */;
			productType = "com.apple.product-type.bundle.ui-testing";
		};
/* End PBXNativeTarget section */

/* Begin PBXProject section */
		660CCA0A2EBBC3B500E8650A /* Project object */ = {
			isa = PBXProject;
			attributes = {
				BuildIndependentTargetsInParallel = 1;
				LastSwiftUpdateCheck = 1630;
				LastUpgradeCheck = 1630;
				TargetAttributes = {
					660CCA112EBBC3B500E8650A = {
						CreatedOnToolsVersion = 16.3;
					};
					660CCA1E2EBBC3B700E8650A = {
						CreatedOnToolsVersion = 16.3;
						TestTargetID = 660CCA112EBBC3B500E8650A;
					};
					660CCA282EBBC3B700E8650A = {
						CreatedOnToolsVersion = 16.3;
						TestTargetID = 660CCA112EBBC3B500E8650A;
					};
				};
			};
			buildConfigurationList = 660CCA0D2EBBC3B500E8650A /* Build configuration list for PBXProject "AIStylist" */;
			developmentRegion = en;
			hasScannedForEncodings = 0;
			knownRegions = (
				en,
				Base,
			);
			mainGroup = 660CCA092EBBC3B500E8650A;
			minimizedProjectReferenceProxies = 1;
			packageReferences = (
				66E403DB2EF8A860004BA1E9 /* XCRemoteSwiftPackageReference "Alamofire" */,
				66E71BF72F01705E0005E942 /* XCRemoteSwiftPackageReference "supabase-swift" */,
				66CFD82F2F110F0000466BD0 /* XCRemoteSwiftPackageReference "purchases-ios" */,
			);
			preferredProjectObjectVersion = 77;
			productRefGroup = 660CCA132EBBC3B500E8650A /* Products */;
			projectDirPath = "";
			projectRoot = "";
			targets = (
				660CCA112EBBC3B500E8650A /* AIStylist */,
				660CCA1E2EBBC3B700E8650A /* AIStylistTests */,
				660CCA282EBBC3B700E8650A /* AIStylistUITests */,
			);
		};
/* End PBXProject section */

/* Begin PBXResourcesBuildPhase section */
		660CCA102EBBC3B500E8650A /* Resources */ = {
			isa = PBXResourcesBuildPhase;
			buildActionMask = 2147483647;
			files = (
				663692922F082B830081AAF7 /* AIStylist.storekit in Resources */,
			);
			runOnlyForDeploymentPostprocessing = 0;
		};
		660CCA1D2EBBC3B700E8650A /* Resources */ = {
			isa = PBXResourcesBuildPhase;
			buildActionMask = 2147483647;
			files = (
			);
			runOnlyForDeploymentPostprocessing = 0;
		};
		660CCA272EBBC3B700E8650A /* Resources */ = {
			isa = PBXResourcesBuildPhase;
			buildActionMask = 2147483647;
			files = (
			);
			runOnlyForDeploymentPostprocessing = 0;
		};
/* End PBXResourcesBuildPhase section */

/* Begin PBXSourcesBuildPhase section */
		660CCA0E2EBBC3B500E8650A /* Sources */ = {
			isa = PBXSourcesBuildPhase;
			buildActionMask = 2147483647;
			files = (
			);
			runOnlyForDeploymentPostprocessing = 0;
		};
		660CCA1B2EBBC3B700E8650A /* Sources */ = {
			isa = PBXSourcesBuildPhase;
			buildActionMask = 2147483647;
			files = (
			);
			runOnlyForDeploymentPostprocessing = 0;
		};
		660CCA252EBBC3B700E8650A /* Sources */ = {
			isa = PBXSourcesBuildPhase;
			buildActionMask = 2147483647;
			files = (
			);
			runOnlyForDeploymentPostprocessing = 0;
		};
/* End PBXSourcesBuildPhase section */

/* Begin PBXTargetDependency section */
		660CCA212EBBC3B700E8650A /* PBXTargetDependency */ = {
			isa = PBXTargetDependency;
			target = 660CCA112EBBC3B500E8650A /* AIStylist */;
			targetProxy = 660CCA202EBBC3B700E8650A /* PBXContainerItemProxy */;
		};
		660CCA2B2EBBC3B700E8650A /* PBXTargetDependency */ = {
			isa = PBXTargetDependency;
			target = 660CCA112EBBC3B500E8650A /* AIStylist */;
			targetProxy = 660CCA2A2EBBC3B700E8650A /* PBXContainerItemProxy */;
		};
/* End PBXTargetDependency section */

/* Begin XCBuildConfiguration section */
		660CCA312EBBC3B700E8650A /* Debug */ = {
			isa = XCBuildConfiguration;
			buildSettings = {
				ALWAYS_SEARCH_USER_PATHS = NO;
				ASSETCATALOG_COMPILER_GENERATE_SWIFT_ASSET_SYMBOL_EXTENSIONS = YES;
				CLANG_ANALYZER_NONNULL = YES;
				CLANG_ANALYZER_NUMBER_OBJECT_CONVERSION = YES_AGGRESSIVE;
				CLANG_CXX_LANGUAGE_STANDARD = "gnu++20";
				CLANG_ENABLE_MODULES = YES;
				CLANG_ENABLE_OBJC_ARC = YES;
				CLANG_ENABLE_OBJC_WEAK = YES;
				CLANG_WARN_BLOCK_CAPTURE_AUTORELEASING = YES;
				CLANG_WARN_BOOL_CONVERSION = YES;
				CLANG_WARN_COMMA = YES;
				CLANG_WARN_CONSTANT_CONVERSION = YES;
				CLANG_WARN_DEPRECATED_OBJC_IMPLEMENTATIONS = YES;
				CLANG_WARN_DIRECT_OBJC_ISA_USAGE = YES_ERROR;
				CLANG_WARN_DOCUMENTATION_COMMENTS = YES;
				CLANG_WARN_EMPTY_BODY = YES;
				CLANG_WARN_ENUM_CONVERSION = YES;
				CLANG_WARN_INFINITE_RECURSION = YES;
				CLANG_WARN_INT_CONVERSION = YES;
				CLANG_WARN_NON_LITERAL_NULL_CONVERSION = YES;
				CLANG_WARN_OBJC_IMPLICIT_RETAIN_SELF = YES;
				CLANG_WARN_OBJC_LITERAL_CONVERSION = YES;
				CLANG_WARN_OBJC_ROOT_CLASS = YES_ERROR;
				CLANG_WARN_QUOTED_INCLUDE_IN_FRAMEWORK_HEADER = YES;
				CLANG_WARN_RANGE_LOOP_ANALYSIS = YES;
				CLANG_WARN_STRICT_PROTOTYPES = YES;
				CLANG_WARN_SUSPICIOUS_MOVE = YES;
				CLANG_WARN_UNGUARDED_AVAILABILITY = YES_AGGRESSIVE;
				CLANG_WARN_UNREACHABLE_CODE = YES;
				CLANG_WARN__DUPLICATE_METHOD_MATCH = YES;
				COPY_PHASE_STRIP = NO;
				DEBUG_INFORMATION_FORMAT = dwarf;
				DEVELOPMENT_TEAM = 6U8Z5D3W4M;
				ENABLE_STRICT_OBJC_MSGSEND = YES;
				ENABLE_TESTABILITY = YES;
				ENABLE_USER_SCRIPT_SANDBOXING = YES;
				GCC_C_LANGUAGE_STANDARD = gnu17;
				GCC_DYNAMIC_NO_PIC = NO;
				GCC_NO_COMMON_BLOCKS = YES;
				GCC_OPTIMIZATION_LEVEL = 0;
				GCC_PREPROCESSOR_DEFINITIONS = (
					"DEBUG=1",
					"$(inherited)",
				);
				GCC_WARN_64_TO_32_BIT_CONVERSION = YES;
				GCC_WARN_ABOUT_RETURN_TYPE = YES_ERROR;
				GCC_WARN_UNDECLARED_SELECTOR = YES;
				GCC_WARN_UNINITIALIZED_AUTOS = YES_AGGRESSIVE;
				GCC_WARN_UNUSED_FUNCTION = YES;
				GCC_WARN_UNUSED_VARIABLE = YES;
				IPHONEOS_DEPLOYMENT_TARGET = 18.4;
				LOCALIZATION_PREFERS_STRING_CATALOGS = YES;
				MTL_ENABLE_DEBUG_INFO = INCLUDE_SOURCE;
				MTL_FAST_MATH = YES;
				ONLY_ACTIVE_ARCH = YES;
				SDKROOT = iphoneos;
				SWIFT_ACTIVE_COMPILATION_CONDITIONS = "DEBUG $(inherited)";
				SWIFT_OPTIMIZATION_LEVEL = "-Onone";
			};
			name = Debug;
		};
		660CCA322EBBC3B700E8650A /* Release */ = {
			isa = XCBuildConfiguration;
			buildSettings = {
				ALWAYS_SEARCH_USER_PATHS = NO;
				ASSETCATALOG_COMPILER_GENERATE_SWIFT_ASSET_SYMBOL_EXTENSIONS = YES;
				CLANG_ANALYZER_NONNULL = YES;
				CLANG_ANALYZER_NUMBER_OBJECT_CONVERSION = YES_AGGRESSIVE;
				CLANG_CXX_LANGUAGE_STANDARD = "gnu++20";
				CLANG_ENABLE_MODULES = YES;
				CLANG_ENABLE_OBJC_ARC = YES;
				CLANG_ENABLE_OBJC_WEAK = YES;
				CLANG_WARN_BLOCK_CAPTURE_AUTORELEASING = YES;
				CLANG_WARN_BOOL_CONVERSION = YES;
				CLANG_WARN_COMMA = YES;
				CLANG_WARN_CONSTANT_CONVERSION = YES;
				CLANG_WARN_DEPRECATED_OBJC_IMPLEMENTATIONS = YES;
				CLANG_WARN_DIRECT_OBJC_ISA_USAGE = YES_ERROR;
				CLANG_WARN_DOCUMENTATION_COMMENTS = YES;
				CLANG_WARN_EMPTY_BODY = YES;
				CLANG_WARN_ENUM_CONVERSION = YES;
				CLANG_WARN_INFINITE_RECURSION = YES;
				CLANG_WARN_INT_CONVERSION = YES;
				CLANG_WARN_NON_LITERAL_NULL_CONVERSION = YES;
				CLANG_WARN_OBJC_IMPLICIT_RETAIN_SELF = YES;
				CLANG_WARN_OBJC_LITERAL_CONVERSION = YES;
				CLANG_WARN_OBJC_ROOT_CLASS = YES_ERROR;
				CLANG_WARN_QUOTED_INCLUDE_IN_FRAMEWORK_HEADER = YES;
				CLANG_WARN_RANGE_LOOP_ANALYSIS = YES;
				CLANG_WARN_STRICT_PROTOTYPES = YES;
				CLANG_WARN_SUSPICIOUS_MOVE = YES;
				CLANG_WARN_UNGUARDED_AVAILABILITY = YES_AGGRESSIVE;
				CLANG_WARN_UNREACHABLE_CODE = YES;
				CLANG_WARN__DUPLICATE_METHOD_MATCH = YES;
				COPY_PHASE_STRIP = NO;
				DEBUG_INFORMATION_FORMAT = "dwarf-with-dsym";
				DEVELOPMENT_TEAM = 6U8Z5D3W4M;
				ENABLE_NS_ASSERTIONS = NO;
				ENABLE_STRICT_OBJC_MSGSEND = YES;
				ENABLE_USER_SCRIPT_SANDBOXING = YES;
				GCC_C_LANGUAGE_STANDARD = gnu17;
				GCC_NO_COMMON_BLOCKS = YES;
				GCC_WARN_64_TO_32_BIT_CONVERSION = YES;
				GCC_WARN_ABOUT_RETURN_TYPE = YES_ERROR;
				GCC_WARN_UNDECLARED_SELECTOR = YES;
				GCC_WARN_UNINITIALIZED_AUTOS = YES_AGGRESSIVE;
				GCC_WARN_UNUSED_FUNCTION = YES;
				GCC_WARN_UNUSED_VARIABLE = YES;
				IPHONEOS_DEPLOYMENT_TARGET = 18.4;
				LOCALIZATION_PREFERS_STRING_CATALOGS = YES;
				MTL_ENABLE_DEBUG_INFO = NO;
				MTL_FAST_MATH = YES;
				SDKROOT = iphoneos;
				SWIFT_COMPILATION_MODE = wholemodule;
				VALIDATE_PRODUCT = YES;
			};
			name = Release;
		};
		660CCA342EBBC3B700E8650A /* Debug */ = {
			isa = XCBuildConfiguration;
			buildSettings = {
				ASSETCATALOG_COMPILER_APPICON_NAME = AppIcon;
				ASSETCATALOG_COMPILER_GLOBAL_ACCENT_COLOR_NAME = AccentColor;
				CODE_SIGN_ENTITLEMENTS = AIStylist/AIStylist.entitlements;
				CODE_SIGN_STYLE = Automatic;
				CURRENT_PROJECT_VERSION = 5;
				DEVELOPMENT_TEAM = YJ43G2NR3P;
				ENABLE_APP_SANDBOX = YES;
				ENABLE_HARDENED_RUNTIME = YES;
				ENABLE_OUTGOING_NETWORK_CONNECTIONS = YES;
				ENABLE_PREVIEWS = YES;
				ENABLE_RESOURCE_ACCESS_CAMERA = YES;
				ENABLE_RESOURCE_ACCESS_LOCATION = YES;
				ENABLE_RESOURCE_ACCESS_PHOTO_LIBRARY = YES;
				GENERATE_INFOPLIST_FILE = YES;
				INFOPLIST_FILE = AIStylist/Info.plist;
				INFOPLIST_KEY_CFBundleDisplayName = "Outfit Planner: AI Stylist";
				INFOPLIST_KEY_LSApplicationCategoryType = "public.app-category.lifestyle";
				INFOPLIST_KEY_NSCameraUsageDescription = "We need camera access so you can take a photo to analyze your outfit.";
				INFOPLIST_KEY_NSLocationWhenInUseUsageDescription = "We use your location to show local weather and outfit suggestions.";
				INFOPLIST_KEY_NSPhotoLibraryAddUsageDescription = "We need access to save photos if you choose to export or save results.";
				INFOPLIST_KEY_NSPhotoLibraryUsageDescription = "We need photo library access so you can choose a photo to analyze your outfit.";
				INFOPLIST_KEY_UIApplicationSceneManifest_Generation = YES;
				INFOPLIST_KEY_UIApplicationSupportsIndirectInputEvents = YES;
				INFOPLIST_KEY_UILaunchScreen_Generation = YES;
				INFOPLIST_KEY_UISupportedInterfaceOrientations_iPad = "UIInterfaceOrientationPortrait UIInterfaceOrientationPortraitUpsideDown UIInterfaceOrientationLandscapeLeft UIInterfaceOrientationLandscapeRight";
				INFOPLIST_KEY_UISupportedInterfaceOrientations_iPhone = "UIInterfaceOrientationPortrait UIInterfaceOrientationLandscapeLeft UIInterfaceOrientationLandscapeRight";
				IPHONEOS_DEPLOYMENT_TARGET = 15.6;
				LD_RUNPATH_SEARCH_PATHS = (
					"$(inherited)",
					"@executable_path/Frameworks",
				);
				MARKETING_VERSION = 1.0;
				PRODUCT_BUNDLE_IDENTIFIER = AIStylist.AIStylist;
				PRODUCT_NAME = "$(TARGET_NAME)";
				REGISTER_APP_GROUPS = YES;
				SUPPORTED_PLATFORMS = "iphoneos iphonesimulator";
				SUPPORTS_MACCATALYST = NO;
				SUPPORTS_MAC_DESIGNED_FOR_IPHONE_IPAD = YES;
				SWIFT_EMIT_LOC_STRINGS = YES;
				SWIFT_VERSION = 5.0;
				TARGETED_DEVICE_FAMILY = 1;
			};
			name = Debug;
		};
		660CCA352EBBC3B700E8650A /* Release */ = {
			isa = XCBuildConfiguration;
			buildSettings = {
				ASSETCATALOG_COMPILER_APPICON_NAME = AppIcon;
				ASSETCATALOG_COMPILER_GLOBAL_ACCENT_COLOR_NAME = AccentColor;
				CODE_SIGN_ENTITLEMENTS = AIStylist/AIStylist.entitlements;
				CODE_SIGN_STYLE = Automatic;
				CURRENT_PROJECT_VERSION = 5;
				DEVELOPMENT_TEAM = YJ43G2NR3P;
				ENABLE_APP_SANDBOX = YES;
				ENABLE_HARDENED_RUNTIME = YES;
				ENABLE_OUTGOING_NETWORK_CONNECTIONS = YES;
				ENABLE_PREVIEWS = YES;
				ENABLE_RESOURCE_ACCESS_CAMERA = YES;
				ENABLE_RESOURCE_ACCESS_LOCATION = YES;
				ENABLE_RESOURCE_ACCESS_PHOTO_LIBRARY = YES;
				GENERATE_INFOPLIST_FILE = YES;
				INFOPLIST_FILE = AIStylist/Info.plist;
				INFOPLIST_KEY_CFBundleDisplayName = "Outfit Planner: AI Stylist";
				INFOPLIST_KEY_LSApplicationCategoryType = "public.app-category.lifestyle";
				INFOPLIST_KEY_NSCameraUsageDescription = "We need camera access so you can take a photo to analyze your outfit.";
				INFOPLIST_KEY_NSLocationWhenInUseUsageDescription = "We use your location to show local weather and outfit suggestions.";
				INFOPLIST_KEY_NSPhotoLibraryAddUsageDescription = "We need access to save photos if you choose to export or save results.";
				INFOPLIST_KEY_NSPhotoLibraryUsageDescription = "We need photo library access so you can choose a photo to analyze your outfit.";
				INFOPLIST_KEY_UIApplicationSceneManifest_Generation = YES;
				INFOPLIST_KEY_UIApplicationSupportsIndirectInputEvents = YES;
				INFOPLIST_KEY_UILaunchScreen_Generation = YES;
				INFOPLIST_KEY_UISupportedInterfaceOrientations_iPad = "UIInterfaceOrientationPortrait UIInterfaceOrientationPortraitUpsideDown UIInterfaceOrientationLandscapeLeft UIInterfaceOrientationLandscapeRight";
				INFOPLIST_KEY_UISupportedInterfaceOrientations_iPhone = "UIInterfaceOrientationPortrait UIInterfaceOrientationLandscapeLeft UIInterfaceOrientationLandscapeRight";
				IPHONEOS_DEPLOYMENT_TARGET = 15.6;
				LD_RUNPATH_SEARCH_PATHS = (
					"$(inherited)",
					"@executable_path/Frameworks",
				);
				MARKETING_VERSION = 1.0;
				PRODUCT_BUNDLE_IDENTIFIER = AIStylist.AIStylist;
				PRODUCT_NAME = "$(TARGET_NAME)";
				REGISTER_APP_GROUPS = YES;
				SUPPORTED_PLATFORMS = "iphoneos iphonesimulator";
				SUPPORTS_MACCATALYST = NO;
				SUPPORTS_MAC_DESIGNED_FOR_IPHONE_IPAD = YES;
				SWIFT_EMIT_LOC_STRINGS = YES;
				SWIFT_VERSION = 5.0;
				TARGETED_DEVICE_FAMILY = 1;
			};
			name = Release;
		};
		660CCA372EBBC3B700E8650A /* Debug */ = {
			isa = XCBuildConfiguration;
			buildSettings = {
				BUNDLE_LOADER = "$(TEST_HOST)";
				CODE_SIGN_STYLE = Automatic;
				CURRENT_PROJECT_VERSION = 1;
				DEVELOPMENT_TEAM = 6U8Z5D3W4M;
				GENERATE_INFOPLIST_FILE = YES;
				IPHONEOS_DEPLOYMENT_TARGET = 18.4;
				MARKETING_VERSION = 1.0;
				PRODUCT_BUNDLE_IDENTIFIER = AIStylist.AIStylistTests;
				PRODUCT_NAME = "$(TARGET_NAME)";
				SWIFT_EMIT_LOC_STRINGS = NO;
				SWIFT_VERSION = 5.0;
				TARGETED_DEVICE_FAMILY = "1,2";
				TEST_HOST = "$(BUILT_PRODUCTS_DIR)/AIStylist.app/$(BUNDLE_EXECUTABLE_FOLDER_PATH)/AIStylist";
			};
			name = Debug;
		};
		660CCA382EBBC3B700E8650A /* Release */ = {
			isa = XCBuildConfiguration;
			buildSettings = {
				BUNDLE_LOADER = "$(TEST_HOST)";
				CODE_SIGN_STYLE = Automatic;
				CURRENT_PROJECT_VERSION = 1;
				DEVELOPMENT_TEAM = 6U8Z5D3W4M;
				GENERATE_INFOPLIST_FILE = YES;
				IPHONEOS_DEPLOYMENT_TARGET = 18.4;
				MARKETING_VERSION = 1.0;
				PRODUCT_BUNDLE_IDENTIFIER = AIStylist.AIStylistTests;
				PRODUCT_NAME = "$(TARGET_NAME)";
				SWIFT_EMIT_LOC_STRINGS = NO;
				SWIFT_VERSION = 5.0;
				TARGETED_DEVICE_FAMILY = "1,2";
				TEST_HOST = "$(BUILT_PRODUCTS_DIR)/AIStylist.app/$(BUNDLE_EXECUTABLE_FOLDER_PATH)/AIStylist";
			};
			name = Release;
		};
		660CCA3A2EBBC3B700E8650A /* Debug */ = {
			isa = XCBuildConfiguration;
			buildSettings = {
				CODE_SIGN_STYLE = Automatic;
				CURRENT_PROJECT_VERSION = 1;
				DEVELOPMENT_TEAM = 6U8Z5D3W4M;
				GENERATE_INFOPLIST_FILE = YES;
				MARKETING_VERSION = 1.0;
				PRODUCT_BUNDLE_IDENTIFIER = AIStylist.AIStylistUITests;
				PRODUCT_NAME = "$(TARGET_NAME)";
				SWIFT_EMIT_LOC_STRINGS = NO;
				SWIFT_VERSION = 5.0;
				TARGETED_DEVICE_FAMILY = "1,2";
				TEST_TARGET_NAME = AIStylist;
			};
			name = Debug;
		};
		660CCA3B2EBBC3B700E8650A /* Release */ = {
			isa = XCBuildConfiguration;
			buildSettings = {
				CODE_SIGN_STYLE = Automatic;
				CURRENT_PROJECT_VERSION = 1;
				DEVELOPMENT_TEAM = 6U8Z5D3W4M;
				GENERATE_INFOPLIST_FILE = YES;
				MARKETING_VERSION = 1.0;
				PRODUCT_BUNDLE_IDENTIFIER = AIStylist.AIStylistUITests;
				PRODUCT_NAME = "$(TARGET_NAME)";
				SWIFT_EMIT_LOC_STRINGS = NO;
				SWIFT_VERSION = 5.0;
				TARGETED_DEVICE_FAMILY = "1,2";
				TEST_TARGET_NAME = AIStylist;
			};
			name = Release;
		};
/* End XCBuildConfiguration section */

/* Begin XCConfigurationList section */
		660CCA0D2EBBC3B500E8650A /* Build configuration list for PBXProject "AIStylist" */ = {
			isa = XCConfigurationList;
			buildConfigurations = (
				660CCA312EBBC3B700E8650A /* Debug */,
				660CCA322EBBC3B700E8650A /* Release */,
			);
			defaultConfigurationIsVisible = 0;
			defaultConfigurationName = Release;
		};
		660CCA332EBBC3B700E8650A /* Build configuration list for PBXNativeTarget "AIStylist" */ = {
			isa = XCConfigurationList;
			buildConfigurations = (
				660CCA342EBBC3B700E8650A /* Debug */,
				660CCA352EBBC3B700E8650A /* Release */,
			);
			defaultConfigurationIsVisible = 0;
			defaultConfigurationName = Release;
		};
		660CCA362EBBC3B700E8650A /* Build configuration list for PBXNativeTarget "AIStylistTests" */ = {
			isa = XCConfigurationList;
			buildConfigurations = (
				660CCA372EBBC3B700E8650A /* Debug */,
				660CCA382EBBC3B700E8650A /* Release */,
			);
			defaultConfigurationIsVisible = 0;
			defaultConfigurationName = Release;
		};
		660CCA392EBBC3B700E8650A /* Build configuration list for PBXNativeTarget "AIStylistUITests" */ = {
			isa = XCConfigurationList;
			buildConfigurations = (
				660CCA3A2EBBC3B700E8650A /* Debug */,
				660CCA3B2EBBC3B700E8650A /* Release */,
			);
			defaultConfigurationIsVisible = 0;
			defaultConfigurationName = Release;
		};
/* End XCConfigurationList section */

/* Begin XCRemoteSwiftPackageReference section */
		66CFD82F2F110F0000466BD0 /* XCRemoteSwiftPackageReference "purchases-ios" */ = {
			isa = XCRemoteSwiftPackageReference;
			repositoryURL = "https://github.com/RevenueCat/purchases-ios";
			requirement = {
				kind = upToNextMajorVersion;
				minimumVersion = 5.53.0;
			};
		};
		66E403DB2EF8A860004BA1E9 /* XCRemoteSwiftPackageReference "Alamofire" */ = {
			isa = XCRemoteSwiftPackageReference;
			repositoryURL = "https://github.com/Alamofire/Alamofire";
			requirement = {
				kind = upToNextMajorVersion;
				minimumVersion = 5.11.0;
			};
		};
		66E71BF72F01705E0005E942 /* XCRemoteSwiftPackageReference "supabase-swift" */ = {
			isa = XCRemoteSwiftPackageReference;
			repositoryURL = "https://github.com/supabase/supabase-swift";
			requirement = {
				kind = upToNextMajorVersion;
				minimumVersion = 2.5.1;
			};
		};
/* End XCRemoteSwiftPackageReference section */

/* Begin XCSwiftPackageProductDependency section */
		66CFD8302F110F0E00466BD0 /* RevenueCat */ = {
			isa = XCSwiftPackageProductDependency;
			package = 66CFD82F2F110F0000466BD0 /* XCRemoteSwiftPackageReference "purchases-ios" */;
			productName = RevenueCat;
		};
		66CFD8322F110F1300466BD0 /* RevenueCatUI */ = {
			isa = XCSwiftPackageProductDependency;
			package = 66CFD82F2F110F0000466BD0 /* XCRemoteSwiftPackageReference "purchases-ios" */;
			productName = RevenueCatUI;
		};
		66E403DD2EF8A8D0004BA1E9 /* Alamofire */ = {
			isa = XCSwiftPackageProductDependency;
			package = 66E403DB2EF8A860004BA1E9 /* XCRemoteSwiftPackageReference "Alamofire" */;
			productName = Alamofire;
		};
		66E71BF82F01706F0005E942 /* Auth */ = {
			isa = XCSwiftPackageProductDependency;
			package = 66E71BF72F01705E0005E942 /* XCRemoteSwiftPackageReference "supabase-swift" */;
			productName = Auth;
		};
		66E71BFA2F01706F0005E942 /* Functions */ = {
			isa = XCSwiftPackageProductDependency;
			package = 66E71BF72F01705E0005E942 /* XCRemoteSwiftPackageReference "supabase-swift" */;
			productName = Functions;
		};
		66E71BFC2F01706F0005E942 /* PostgREST */ = {
			isa = XCSwiftPackageProductDependency;
			package = 66E71BF72F01705E0005E942 /* XCRemoteSwiftPackageReference "supabase-swift" */;
			productName = PostgREST;
		};
		66E71BFE2F01706F0005E942 /* Realtime */ = {
			isa = XCSwiftPackageProductDependency;
			package = 66E71BF72F01705E0005E942 /* XCRemoteSwiftPackageReference "supabase-swift" */;
			productName = Realtime;
		};
		66E71C002F01706F0005E942 /* Storage */ = {
			isa = XCSwiftPackageProductDependency;
			package = 66E71BF72F01705E0005E942 /* XCRemoteSwiftPackageReference "supabase-swift" */;
			productName = Storage;
		};
		66E71C022F01706F0005E942 /* Supabase */ = {
			isa = XCSwiftPackageProductDependency;
			package = 66E71BF72F01705E0005E942 /* XCRemoteSwiftPackageReference "supabase-swift" */;
			productName = Supabase;
		};
/* End XCSwiftPackageProductDependency section */
	};
	rootObject = 660CCA0A2EBBC3B500E8650A /* Project object */;
}
